
Microsoft Visual Studio Solution File, Format Version 12.00
# Visual Studio Version 16
VisualStudioVersion = 16.0.31911.196
MinimumVisualStudioVersion = 10.0.40219.1
Project("{FAE04EC0-301F-11D3-BF4B-00C04F79EFBC}") = "DbToEntitys", "DbToEntitys\DbToEntitys.csproj", "{C2C4183D-A924-4768-BC30-182BC1C6E908}"
EndProject
Global
	GlobalSection(SolutionConfigurationPlatforms) = preSolution
		Debug|Any CPU = Debug|Any CPU
		Release|Any CPU = Release|Any CPU
	EndGlobalSection
	GlobalSection(ProjectConfigurationPlatforms) = postSolution
		{C2C4183D-A924-4768-BC30-182BC1C6E908}.Debug|Any CPU.ActiveCfg = Debug|Any CPU
		{C2C4183D-A924-4768-BC30-182BC1C6E908}.Debug|Any CPU.Build.0 = Debug|Any CPU
		{C2C4183D-A924-4768-BC30-182BC1C6E908}.Release|Any CPU.ActiveCfg = Release|Any CPU
		{C2C4183D-A924-4768-BC30-182BC1C6E908}.Release|Any CPU.Build.0 = Release|Any CPU
	EndGlobalSection
	GlobalSection(SolutionProperties) = preSolution
		HideSolutionNode = FALSE
	EndGlobalSection
	GlobalSection(ExtensibilityGlobals) = postSolution
		SolutionGuid = {4AF2786A-A9B7-4C05-A5FB-6665E559593E}
	EndGlobalSection
EndGlobal
